
Microsoft Visual Studio Solution File, Format Version 12.00
# Visual Studio 15
Project("{FAE04EC0-301F-11D3-BF4B-00C04F79EFBC}") = "UnityEngine.TestRunner", "UnityEngine.TestRunner.csproj", "{784C921F-F55F-7A36-0889-6DE632DB218F}"
EndProject
Project("{FAE04EC0-301F-11D3-BF4B-00C04F79EFBC}") = "UnityEngine.UI", "UnityEngine.UI.csproj", "{F34FA8FF-2560-2362-743C-9C43426D2020}"
EndProject
Project("{FAE04EC0-301F-11D3-BF4B-00C04F79EFBC}") = "Unity.TextMeshPro", "Unity.TextMeshPro.csproj", "{86A4F9A1-AE7C-FF1F-5909-7E091B0579E9}"
EndProject
Project("{FAE04EC0-301F-11D3-BF4B-00C04F79EFBC}") = "Unity.Timeline", "Unity.Timeline.csproj", "{E89E3B31-7E7C-9E54-1A76-50D38CB2C744}"
EndProject
Project("{FAE04EC0-301F-11D3-BF4B-00C04F79EFBC}") = "Unity.ProBuilder", "Unity.ProBuilder.csproj", "{D83B8B59-7EB9-2FCE-64A9-536E8587EC2A}"
EndProject
Project("{FAE04EC0-301F-11D3-BF4B-00C04F79EFBC}") = "Unity.Postprocessing.Runtime", "Unity.Postprocessing.Runtime.csproj", "{66195CAA-87DF-C903-A5E5-701F13178E4B}"
EndProject
Project("{FAE04EC0-301F-11D3-BF4B-00C04F79EFBC}") = "Assembly-CSharp", "Assembly-CSharp.csproj", "{C0B91B5C-925D-0E5A-9FC1-EA82DA8A2124}"
EndProject
Project("{FAE04EC0-301F-11D3-BF4B-00C04F79EFBC}") = "Cinemachine", "Cinemachine.csproj", "{CEB296E8-709A-FB7D-D925-EED11AE8D850}"
EndProject
Project("{FAE04EC0-301F-11D3-BF4B-00C04F79EFBC}") = "Unity.Polybrush", "Unity.Polybrush.csproj", "{34C5F667-8A47-2297-EA22-DF9FFCC1E284}"
EndProject
Project("{FAE04EC0-301F-11D3-BF4B-00C04F79EFBC}") = "Unity.ProBuilder.Poly2Tri", "Unity.ProBuilder.Poly2Tri.csproj", "{4A495B4D-765E-6B23-3A7C-8275C31E0713}"
EndProject
Project("{FAE04EC0-301F-11D3-BF4B-00C04F79EFBC}") = "WorldBuildingRuntime", "WorldBuildingRuntime.csproj", "{30E4B711-8142-7CB5-BA28-44744631DFF9}"
EndProject
Project("{FAE04EC0-301F-11D3-BF4B-00C04F79EFBC}") = "NavMeshComponents", "NavMeshComponents.csproj", "{5E39CDC9-9D2D-87FE-62F7-2B01AA57A512}"
EndProject
Project("{FAE04EC0-301F-11D3-BF4B-00C04F79EFBC}") = "Unity.ProBuilder.KdTree", "Unity.ProBuilder.KdTree.csproj", "{29661DE1-1ACA-25C1-90D7-2CC4DBE7F599}"
EndProject
Project("{FAE04EC0-301F-11D3-BF4B-00C04F79EFBC}") = "Unity.ProBuilder.Stl", "Unity.ProBuilder.Stl.csproj", "{8AE4F6B0-6334-C6A7-579D-27F61DFFA362}"
EndProject
Project("{FAE04EC0-301F-11D3-BF4B-00C04F79EFBC}") = "SimpleSFXRuntime", "SimpleSFXRuntime.csproj", "{1F99CCEB-83E8-0385-C3EB-A73E95536D4B}"
EndProject
Project("{FAE04EC0-301F-11D3-BF4B-00C04F79EFBC}") = "Skybox3DRuntime", "Skybox3DRuntime.csproj", "{E988685B-7F6B-3861-B5E5-9188C2E8F30C}"
EndProject
Project("{FAE04EC0-301F-11D3-BF4B-00C04F79EFBC}") = "Unity.TextMeshPro.Editor", "Unity.TextMeshPro.Editor.csproj", "{E034F799-850E-8FA8-A8F7-93209719B35E}"
EndProject
Project("{FAE04EC0-301F-11D3-BF4B-00C04F79EFBC}") = "Unity.Timeline.Editor", "Unity.Timeline.Editor.csproj", "{384FAD44-1F4C-67BE-D6F5-C5DA07E32C44}"
EndProject
Project("{FAE04EC0-301F-11D3-BF4B-00C04F79EFBC}") = "Unity.CollabProxy.Editor", "Unity.CollabProxy.Editor.csproj", "{60FAE315-1887-58B7-FAA4-67369F9A557E}"
EndProject
Project("{FAE04EC0-301F-11D3-BF4B-00C04F79EFBC}") = "UnityEditor.TestRunner", "UnityEditor.TestRunner.csproj", "{FCBC4E37-B893-7F52-0666-78C0D86C253A}"
EndProject
Project("{FAE04EC0-301F-11D3-BF4B-00C04F79EFBC}") = "UnityEditor.UI", "UnityEditor.UI.csproj", "{12B511D6-1799-CBB2-FE2B-303FD112C096}"
EndProject
Project("{FAE04EC0-301F-11D3-BF4B-00C04F79EFBC}") = "Unity.Rider.Editor", "Unity.Rider.Editor.csproj", "{80B55200-AD39-A4B1-1EB3-D63FD6BB28C2}"
EndProject
Project("{FAE04EC0-301F-11D3-BF4B-00C04F79EFBC}") = "Unity.VisualStudio.Editor", "Unity.VisualStudio.Editor.csproj", "{72AB5FD3-7983-4335-6A7A-993A37BFAE3F}"
EndProject
Project("{FAE04EC0-301F-11D3-BF4B-00C04F79EFBC}") = "Unity.VSCode.Editor", "Unity.VSCode.Editor.csproj", "{B507F856-5FFC-818E-ED3B-77FEDFB83768}"
EndProject
Project("{FAE04EC0-301F-11D3-BF4B-00C04F79EFBC}") = "Unity.Polybrush.Editor", "Unity.Polybrush.Editor.csproj", "{3E00988A-C624-9C34-006A-17275A7A4C63}"
EndProject
Project("{FAE04EC0-301F-11D3-BF4B-00C04F79EFBC}") = "Unity.ProBuilder.Editor", "Unity.ProBuilder.Editor.csproj", "{443CBBAE-77AF-BE6E-E9F4-844BEF9638FF}"
EndProject
Project("{FAE04EC0-301F-11D3-BF4B-00C04F79EFBC}") = "Assembly-CSharp-Editor", "Assembly-CSharp-Editor.csproj", "{5B1017AD-EBA0-9269-7757-8DCA353CB835}"
EndProject
Project("{FAE04EC0-301F-11D3-BF4B-00C04F79EFBC}") = "Unity.Settings.Editor", "Unity.Settings.Editor.csproj", "{3B401032-2B00-B998-DF0E-AA6F4F883CDA}"
EndProject
Project("{FAE04EC0-301F-11D3-BF4B-00C04F79EFBC}") = "Unity.2D.Sprite.Editor", "Unity.2D.Sprite.Editor.csproj", "{F2C21988-E35F-D903-52CC-F9C6E066421D}"
EndProject
Project("{FAE04EC0-301F-11D3-BF4B-00C04F79EFBC}") = "com.unity.cinemachine.editor", "com.unity.cinemachine.editor.csproj", "{B44B6E2F-3B23-D771-A964-462066C96ACF}"
EndProject
Project("{FAE04EC0-301F-11D3-BF4B-00C04F79EFBC}") = "NavMeshComponentsEditor", "NavMeshComponentsEditor.csproj", "{F900CBEF-8308-495C-C426-7179D7CE37D5}"
EndProject
Project("{FAE04EC0-301F-11D3-BF4B-00C04F79EFBC}") = "Unity.2D.Tilemap.Editor", "Unity.2D.Tilemap.Editor.csproj", "{D6DD5FA9-7B57-047E-69D9-CBBBC7B626DC}"
EndProject
Project("{FAE04EC0-301F-11D3-BF4B-00C04F79EFBC}") = "Unity.Postprocessing.Editor", "Unity.Postprocessing.Editor.csproj", "{01F741F3-557B-01F3-2C4C-8B0859880776}"
EndProject
Project("{FAE04EC0-301F-11D3-BF4B-00C04F79EFBC}") = "Unity.ProBuilder.AssetIdRemapUtility", "Unity.ProBuilder.AssetIdRemapUtility.csproj", "{797DA8B6-DC0E-40F8-1F1E-D7A230119D07}"
EndProject
Project("{FAE04EC0-301F-11D3-BF4B-00C04F79EFBC}") = "PackageManagerCheck", "PackageManagerCheck.csproj", "{A5BE3B3B-1255-FB13-E61C-0C82D73AEE3B}"
EndProject
Project("{FAE04EC0-301F-11D3-BF4B-00C04F79EFBC}") = "Unity.ProBuilder.AddOns.Editor", "Unity.ProBuilder.AddOns.Editor.csproj", "{FB399411-D7D7-A9AA-58ED-114DD57C254C}"
EndProject
Project("{FAE04EC0-301F-11D3-BF4B-00C04F79EFBC}") = "UnityEngine.TestRunner", "UnityEngine.TestRunner.Player.csproj", "{B60C553D-4C7C-637C-D89F-C785D18933A7}"
EndProject
Project("{FAE04EC0-301F-11D3-BF4B-00C04F79EFBC}") = "UnityEngine.UI", "UnityEngine.UI.Player.csproj", "{0839FBB4-552C-6D95-A508-5494567BCA20}"
EndProject
Project("{FAE04EC0-301F-11D3-BF4B-00C04F79EFBC}") = "Unity.TextMeshPro", "Unity.TextMeshPro.Player.csproj", "{7B43FE73-073E-158D-6CBD-1E0DAF495231}"
EndProject
Project("{FAE04EC0-301F-11D3-BF4B-00C04F79EFBC}") = "Unity.Timeline", "Unity.Timeline.Player.csproj", "{456F5BAB-4383-F896-B860-CF22951FE3C4}"
EndProject
Project("{FAE04EC0-301F-11D3-BF4B-00C04F79EFBC}") = "Unity.ProBuilder", "Unity.ProBuilder.Player.csproj", "{0E469371-CF5B-44B5-81F7-64B9490FF0A0}"
EndProject
Project("{FAE04EC0-301F-11D3-BF4B-00C04F79EFBC}") = "Unity.Postprocessing.Runtime", "Unity.Postprocessing.Runtime.Player.csproj", "{F5648F8E-A0EC-129B-19C5-3C0C854CF1E2}"
EndProject
Project("{FAE04EC0-301F-11D3-BF4B-00C04F79EFBC}") = "Assembly-CSharp", "Assembly-CSharp.Player.csproj", "{1A5BA3D7-06E7-ED05-ABEA-BFE285E2008D}"
EndProject
Project("{FAE04EC0-301F-11D3-BF4B-00C04F79EFBC}") = "Cinemachine", "Cinemachine.Player.csproj", "{332B5FFF-2BC8-6403-BBBD-9B7538FFD602}"
EndProject
Project("{FAE04EC0-301F-11D3-BF4B-00C04F79EFBC}") = "Unity.Polybrush", "Unity.Polybrush.Player.csproj", "{E2868705-8467-DF95-591F-240CCC9CD624}"
EndProject
Project("{FAE04EC0-301F-11D3-BF4B-00C04F79EFBC}") = "Unity.ProBuilder.Poly2Tri", "Unity.ProBuilder.Poly2Tri.Player.csproj", "{30E47DBF-D3D2-BD9E-8146-9DBF15225ACC}"
EndProject
Project("{FAE04EC0-301F-11D3-BF4B-00C04F79EFBC}") = "WorldBuildingRuntime", "WorldBuildingRuntime.Player.csproj", "{57DE531E-079C-3848-B7EC-D5E8F9561FFF}"
EndProject
Project("{FAE04EC0-301F-11D3-BF4B-00C04F79EFBC}") = "NavMeshComponents", "NavMeshComponents.Player.csproj", "{CB878A41-3698-DDFA-2D4C-D496F793E52D}"
EndProject
Project("{FAE04EC0-301F-11D3-BF4B-00C04F79EFBC}") = "Unity.ProBuilder.KdTree", "Unity.ProBuilder.KdTree.Player.csproj", "{9C690819-8AE6-81DD-C07C-FC3714E95FDF}"
EndProject
Project("{FAE04EC0-301F-11D3-BF4B-00C04F79EFBC}") = "Unity.ProBuilder.Stl", "Unity.ProBuilder.Stl.Player.csproj", "{02AEBEC2-2550-6532-B957-4A89C4FF6C96}"
EndProject
Project("{FAE04EC0-301F-11D3-BF4B-00C04F79EFBC}") = "SimpleSFXRuntime", "SimpleSFXRuntime.Player.csproj", "{F8907CF7-4673-4B85-D98A-752D4B52ED73}"
EndProject
Project("{FAE04EC0-301F-11D3-BF4B-00C04F79EFBC}") = "Skybox3DRuntime", "Skybox3DRuntime.Player.csproj", "{AF3723F7-E646-1086-30AA-5A8689FFBE16}"
EndProject
Global
	GlobalSection(SolutionConfigurationPlatforms) = preSolution
		Debug|Any CPU = Debug|Any CPU
		Release|Any CPU = Release|Any CPU
	EndGlobalSection
	GlobalSection(ProjectConfigurationPlatforms) = postSolution
		{784C921F-F55F-7A36-0889-6DE632DB218F}.Debug|Any CPU.ActiveCfg = Debug|Any CPU
		{784C921F-F55F-7A36-0889-6DE632DB218F}.Debug|Any CPU.Build.0 = Debug|Any CPU
		{784C921F-F55F-7A36-0889-6DE632DB218F}.Release|Any CPU.ActiveCfg = Release|Any CPU
		{784C921F-F55F-7A36-0889-6DE632DB218F}.Release|Any CPU.Build.0 = Release|Any CPU
		{F34FA8FF-2560-2362-743C-9C43426D2020}.Debug|Any CPU.ActiveCfg = Debug|Any CPU
		{F34FA8FF-2560-2362-743C-9C43426D2020}.Debug|Any CPU.Build.0 = Debug|Any CPU
		{F34FA8FF-2560-2362-743C-9C43426D2020}.Release|Any CPU.ActiveCfg = Release|Any CPU
		{F34FA8FF-2560-2362-743C-9C43426D2020}.Release|Any CPU.Build.0 = Release|Any CPU
		{86A4F9A1-AE7C-FF1F-5909-7E091B0579E9}.Debug|Any CPU.ActiveCfg = Debug|Any CPU
		{86A4F9A1-AE7C-FF1F-5909-7E091B0579E9}.Debug|Any CPU.Build.0 = Debug|Any CPU
		{86A4F9A1-AE7C-FF1F-5909-7E091B0579E9}.Release|Any CPU.ActiveCfg = Release|Any CPU
		{86A4F9A1-AE7C-FF1F-5909-7E091B0579E9}.Release|Any CPU.Build.0 = Release|Any CPU
		{E89E3B31-7E7C-9E54-1A76-50D38CB2C744}.Debug|Any CPU.ActiveCfg = Debug|Any CPU
		{E89E3B31-7E7C-9E54-1A76-50D38CB2C744}.Debug|Any CPU.Build.0 = Debug|Any CPU
		{E89E3B31-7E7C-9E54-1A76-50D38CB2C744}.Release|Any CPU.ActiveCfg = Release|Any CPU
		{E89E3B31-7E7C-9E54-1A76-50D38CB2C744}.Release|Any CPU.Build.0 = Release|Any CPU
		{D83B8B59-7EB9-2FCE-64A9-536E8587EC2A}.Debug|Any CPU.ActiveCfg = Debug|Any CPU
		{D83B8B59-7EB9-2FCE-64A9-536E8587EC2A}.Debug|Any CPU.Build.0 = Debug|Any CPU
		{D83B8B59-7EB9-2FCE-64A9-536E8587EC2A}.Release|Any CPU.ActiveCfg = Release|Any CPU
		{D83B8B59-7EB9-2FCE-64A9-536E8587EC2A}.Release|Any CPU.Build.0 = Release|Any CPU
		{66195CAA-87DF-C903-A5E5-701F13178E4B}.Debug|Any CPU.ActiveCfg = Debug|Any CPU
		{66195CAA-87DF-C903-A5E5-701F13178E4B}.Debug|Any CPU.Build.0 = Debug|Any CPU
		{66195CAA-87DF-C903-A5E5-701F13178E4B}.Release|Any CPU.ActiveCfg = Release|Any CPU
		{66195CAA-87DF-C903-A5E5-701F13178E4B}.Release|Any CPU.Build.0 = Release|Any CPU
		{C0B91B5C-925D-0E5A-9FC1-EA82DA8A2124}.Debug|Any CPU.ActiveCfg = Debug|Any CPU
		{C0B91B5C-925D-0E5A-9FC1-EA82DA8A2124}.Debug|Any CPU.Build.0 = Debug|Any CPU
		{C0B91B5C-925D-0E5A-9FC1-EA82DA8A2124}.Release|Any CPU.ActiveCfg = Release|Any CPU
		{C0B91B5C-925D-0E5A-9FC1-EA82DA8A2124}.Release|Any CPU.Build.0 = Release|Any CPU
		{CEB296E8-709A-FB7D-D925-EED11AE8D850}.Debug|Any CPU.ActiveCfg = Debug|Any CPU
		{CEB296E8-709A-FB7D-D925-EED11AE8D850}.Debug|Any CPU.Build.0 = Debug|Any CPU
		{CEB296E8-709A-FB7D-D925-EED11AE8D850}.Release|Any CPU.ActiveCfg = Release|Any CPU
		{CEB296E8-709A-FB7D-D925-EED11AE8D850}.Release|Any CPU.Build.0 = Release|Any CPU
		{34C5F667-8A47-2297-EA22-DF9FFCC1E284}.Debug|Any CPU.ActiveCfg = Debug|Any CPU
		{34C5F667-8A47-2297-EA22-DF9FFCC1E284}.Debug|Any CPU.Build.0 = Debug|Any CPU
		{34C5F667-8A47-2297-EA22-DF9FFCC1E284}.Release|Any CPU.ActiveCfg = Release|Any CPU
		{34C5F667-8A47-2297-EA22-DF9FFCC1E284}.Release|Any CPU.Build.0 = Release|Any CPU
		{4A495B4D-765E-6B23-3A7C-8275C31E0713}.Debug|Any CPU.ActiveCfg = Debug|Any CPU
		{4A495B4D-765E-6B23-3A7C-8275C31E0713}.Debug|Any CPU.Build.0 = Debug|Any CPU
		{4A495B4D-765E-6B23-3A7C-8275C31E0713}.Release|Any CPU.ActiveCfg = Release|Any CPU
		{4A495B4D-765E-6B23-3A7C-8275C31E0713}.Release|Any CPU.Build.0 = Release|Any CPU
		{30E4B711-8142-7CB5-BA28-44744631DFF9}.Debug|Any CPU.ActiveCfg = Debug|Any CPU
		{30E4B711-8142-7CB5-BA28-44744631DFF9}.Debug|Any CPU.Build.0 = Debug|Any CPU
		{30E4B711-8142-7CB5-BA28-44744631DFF9}.Release|Any CPU.ActiveCfg = Release|Any CPU
		{30E4B711-8142-7CB5-BA28-44744631DFF9}.Release|Any CPU.Build.0 = Release|Any CPU
		{5E39CDC9-9D2D-87FE-62F7-2B01AA57A512}.Debug|Any CPU.ActiveCfg = Debug|Any CPU
		{5E39CDC9-9D2D-87FE-62F7-2B01AA57A512}.Debug|Any CPU.Build.0 = Debug|Any CPU
		{5E39CDC9-9D2D-87FE-62F7-2B01AA57A512}.Release|Any CPU.ActiveCfg = Release|Any CPU
		{5E39CDC9-9D2D-87FE-62F7-2B01AA57A512}.Release|Any CPU.Build.0 = Release|Any CPU
		{29661DE1-1ACA-25C1-90D7-2CC4DBE7F599}.Debug|Any CPU.ActiveCfg = Debug|Any CPU
		{29661DE1-1ACA-25C1-90D7-2CC4DBE7F599}.Debug|Any CPU.Build.0 = Debug|Any CPU
		{29661DE1-1ACA-25C1-90D7-2CC4DBE7F599}.Release|Any CPU.ActiveCfg = Release|Any CPU
		{29661DE1-1ACA-25C1-90D7-2CC4DBE7F599}.Release|Any CPU.Build.0 = Release|Any CPU
		{8AE4F6B0-6334-C6A7-579D-27F61DFFA362}.Debug|Any CPU.ActiveCfg = Debug|Any CPU
		{8AE4F6B0-6334-C6A7-579D-27F61DFFA362}.Debug|Any CPU.Build.0 = Debug|Any CPU
		{8AE4F6B0-6334-C6A7-579D-27F61DFFA362}.Release|Any CPU.ActiveCfg = Release|Any CPU
		{8AE4F6B0-6334-C6A7-579D-27F61DFFA362}.Release|Any CPU.Build.0 = Release|Any CPU
		{1F99CCEB-83E8-0385-C3EB-A73E95536D4B}.Debug|Any CPU.ActiveCfg = Debug|Any CPU
		{1F99CCEB-83E8-0385-C3EB-A73E95536D4B}.Debug|Any CPU.Build.0 = Debug|Any CPU
		{1F99CCEB-83E8-0385-C3EB-A73E95536D4B}.Release|Any CPU.ActiveCfg = Release|Any CPU
		{1F99CCEB-83E8-0385-C3EB-A73E95536D4B}.Release|Any CPU.Build.0 = Release|Any CPU
		{E988685B-7F6B-3861-B5E5-9188C2E8F30C}.Debug|Any CPU.ActiveCfg = Debug|Any CPU
		{E988685B-7F6B-3861-B5E5-9188C2E8F30C}.Debug|Any CPU.Build.0 = Debug|Any CPU
		{E988685B-7F6B-3861-B5E5-9188C2E8F30C}.Release|Any CPU.ActiveCfg = Release|Any CPU
		{E988685B-7F6B-3861-B5E5-9188C2E8F30C}.Release|Any CPU.Build.0 = Release|Any CPU
		{E034F799-850E-8FA8-A8F7-93209719B35E}.Debug|Any CPU.ActiveCfg = Debug|Any CPU
		{E034F799-850E-8FA8-A8F7-93209719B35E}.Debug|Any CPU.Build.0 = Debug|Any CPU
		{E034F799-850E-8FA8-A8F7-93209719B35E}.Release|Any CPU.ActiveCfg = Release|Any CPU
		{E034F799-850E-8FA8-A8F7-93209719B35E}.Release|Any CPU.Build.0 = Release|Any CPU
		{384FAD44-1F4C-67BE-D6F5-C5DA07E32C44}.Debug|Any CPU.ActiveCfg = Debug|Any CPU
		{384FAD44-1F4C-67BE-D6F5-C5DA07E32C44}.Debug|Any CPU.Build.0 = Debug|Any CPU
		{384FAD44-1F4C-67BE-D6F5-C5DA07E32C44}.Release|Any CPU.ActiveCfg = Release|Any CPU
		{384FAD44-1F4C-67BE-D6F5-C5DA07E32C44}.Release|Any CPU.Build.0 = Release|Any CPU
		{60FAE315-1887-58B7-FAA4-67369F9A557E}.Debug|Any CPU.ActiveCfg = Debug|Any CPU
		{60FAE315-1887-58B7-FAA4-67369F9A557E}.Debug|Any CPU.Build.0 = Debug|Any CPU
		{60FAE315-1887-58B7-FAA4-67369F9A557E}.Release|Any CPU.ActiveCfg = Release|Any CPU
		{60FAE315-1887-58B7-FAA4-67369F9A557E}.Release|Any CPU.Build.0 = Release|Any CPU
		{FCBC4E37-B893-7F52-0666-78C0D86C253A}.Debug|Any CPU.ActiveCfg = Debug|Any CPU
		{FCBC4E37-B893-7F52-0666-78C0D86C253A}.Debug|Any CPU.Build.0 = Debug|Any CPU
		{FCBC4E37-B893-7F52-0666-78C0D86C253A}.Release|Any CPU.ActiveCfg = Release|Any CPU
		{FCBC4E37-B893-7F52-0666-78C0D86C253A}.Release|Any CPU.Build.0 = Release|Any CPU
		{12B511D6-1799-CBB2-FE2B-303FD112C096}.Debug|Any CPU.ActiveCfg = Debug|Any CPU
		{12B511D6-1799-CBB2-FE2B-303FD112C096}.Debug|Any CPU.Build.0 = Debug|Any CPU
		{12B511D6-1799-CBB2-FE2B-303FD112C096}.Release|Any CPU.ActiveCfg = Release|Any CPU
		{12B511D6-1799-CBB2-FE2B-303FD112C096}.Release|Any CPU.Build.0 = Release|Any CPU
		{80B55200-AD39-A4B1-1EB3-D63FD6BB28C2}.Debug|Any CPU.ActiveCfg = Debug|Any CPU
		{80B55200-AD39-A4B1-1EB3-D63FD6BB28C2}.Debug|Any CPU.Build.0 = Debug|Any CPU
		{80B55200-AD39-A4B1-1EB3-D63FD6BB28C2}.Release|Any CPU.ActiveCfg = Release|Any CPU
		{80B55200-AD39-A4B1-1EB3-D63FD6BB28C2}.Release|Any CPU.Build.0 = Release|Any CPU
		{72AB5FD3-7983-4335-6A7A-993A37BFAE3F}.Debug|Any CPU.ActiveCfg = Debug|Any CPU
		{72AB5FD3-7983-4335-6A7A-993A37BFAE3F}.Debug|Any CPU.Build.0 = Debug|Any CPU
		{72AB5FD3-7983-4335-6A7A-993A37BFAE3F}.Release|Any CPU.ActiveCfg = Release|Any CPU
		{72AB5FD3-7983-4335-6A7A-993A37BFAE3F}.Release|Any CPU.Build.0 = Release|Any CPU
		{B507F856-5FFC-818E-ED3B-77FEDFB83768}.Debug|Any CPU.ActiveCfg = Debug|Any CPU
		{B507F856-5FFC-818E-ED3B-77FEDFB83768}.Debug|Any CPU.Build.0 = Debug|Any CPU
		{B507F856-5FFC-818E-ED3B-77FEDFB83768}.Release|Any CPU.ActiveCfg = Release|Any CPU
		{B507F856-5FFC-818E-ED3B-77FEDFB83768}.Release|Any CPU.Build.0 = Release|Any CPU
		{3E00988A-C624-9C34-006A-17275A7A4C63}.Debug|Any CPU.ActiveCfg = Debug|Any CPU
		{3E00988A-C624-9C34-006A-17275A7A4C63}.Debug|Any CPU.Build.0 = Debug|Any CPU
		{3E00988A-C624-9C34-006A-17275A7A4C63}.Release|Any CPU.ActiveCfg = Release|Any CPU
		{3E00988A-C624-9C34-006A-17275A7A4C63}.Release|Any CPU.Build.0 = Release|Any CPU
		{443CBBAE-77AF-BE6E-E9F4-844BEF9638FF}.Debug|Any CPU.ActiveCfg = Debug|Any CPU
		{443CBBAE-77AF-BE6E-E9F4-844BEF9638FF}.Debug|Any CPU.Build.0 = Debug|Any CPU
		{443CBBAE-77AF-BE6E-E9F4-844BEF9638FF}.Release|Any CPU.ActiveCfg = Release|Any CPU
		{443CBBAE-77AF-BE6E-E9F4-844BEF9638FF}.Release|Any CPU.Build.0 = Release|Any CPU
		{5B1017AD-EBA0-9269-7757-8DCA353CB835}.Debug|Any CPU.ActiveCfg = Debug|Any CPU
		{5B1017AD-EBA0-9269-7757-8DCA353CB835}.Debug|Any CPU.Build.0 = Debug|Any CPU
		{5B1017AD-EBA0-9269-7757-8DCA353CB835}.Release|Any CPU.ActiveCfg = Release|Any CPU
		{5B1017AD-EBA0-9269-7757-8DCA353CB835}.Release|Any CPU.Build.0 = Release|Any CPU
		{3B401032-2B00-B998-DF0E-AA6F4F883CDA}.Debug|Any CPU.ActiveCfg = Debug|Any CPU
		{3B401032-2B00-B998-DF0E-AA6F4F883CDA}.Debug|Any CPU.Build.0 = Debug|Any CPU
		{3B401032-2B00-B998-DF0E-AA6F4F883CDA}.Release|Any CPU.ActiveCfg = Release|Any CPU
		{3B401032-2B00-B998-DF0E-AA6F4F883CDA}.Release|Any CPU.Build.0 = Release|Any CPU
		{F2C21988-E35F-D903-52CC-F9C6E066421D}.Debug|Any CPU.ActiveCfg = Debug|Any CPU
		{F2C21988-E35F-D903-52CC-F9C6E066421D}.Debug|Any CPU.Build.0 = Debug|Any CPU
		{F2C21988-E35F-D903-52CC-F9C6E066421D}.Release|Any CPU.ActiveCfg = Release|Any CPU
		{F2C21988-E35F-D903-52CC-F9C6E066421D}.Release|Any CPU.Build.0 = Release|Any CPU
		{B44B6E2F-3B23-D771-A964-462066C96ACF}.Debug|Any CPU.ActiveCfg = Debug|Any CPU
		{B44B6E2F-3B23-D771-A964-462066C96ACF}.Debug|Any CPU.Build.0 = Debug|Any CPU
		{B44B6E2F-3B23-D771-A964-462066C96ACF}.Release|Any CPU.ActiveCfg = Release|Any CPU
		{B44B6E2F-3B23-D771-A964-462066C96ACF}.Release|Any CPU.Build.0 = Release|Any CPU
		{F900CBEF-8308-495C-C426-7179D7CE37D5}.Debug|Any CPU.ActiveCfg = Debug|Any CPU
		{F900CBEF-8308-495C-C426-7179D7CE37D5}.Debug|Any CPU.Build.0 = Debug|Any CPU
		{F900CBEF-8308-495C-C426-7179D7CE37D5}.Release|Any CPU.ActiveCfg = Release|Any CPU
		{F900CBEF-8308-495C-C426-7179D7CE37D5}.Release|Any CPU.Build.0 = Release|Any CPU
		{D6DD5FA9-7B57-047E-69D9-CBBBC7B626DC}.Debug|Any CPU.ActiveCfg = Debug|Any CPU
		{D6DD5FA9-7B57-047E-69D9-CBBBC7B626DC}.Debug|Any CPU.Build.0 = Debug|Any CPU
		{D6DD5FA9-7B57-047E-69D9-CBBBC7B626DC}.Release|Any CPU.ActiveCfg = Release|Any CPU
		{D6DD5FA9-7B57-047E-69D9-CBBBC7B626DC}.Release|Any CPU.Build.0 = Release|Any CPU
		{01F741F3-557B-01F3-2C4C-8B0859880776}.Debug|Any CPU.ActiveCfg = Debug|Any CPU
		{01F741F3-557B-01F3-2C4C-8B0859880776}.Debug|Any CPU.Build.0 = Debug|Any CPU
		{01F741F3-557B-01F3-2C4C-8B0859880776}.Release|Any CPU.ActiveCfg = Release|Any CPU
		{01F741F3-557B-01F3-2C4C-8B0859880776}.Release|Any CPU.Build.0 = Release|Any CPU
		{797DA8B6-DC0E-40F8-1F1E-D7A230119D07}.Debug|Any CPU.ActiveCfg = Debug|Any CPU
		{797DA8B6-DC0E-40F8-1F1E-D7A230119D07}.Debug|Any CPU.Build.0 = Debug|Any CPU
		{797DA8B6-DC0E-40F8-1F1E-D7A230119D07}.Release|Any CPU.ActiveCfg = Release|Any CPU
		{797DA8B6-DC0E-40F8-1F1E-D7A230119D07}.Release|Any CPU.Build.0 = Release|Any CPU
		{A5BE3B3B-1255-FB13-E61C-0C82D73AEE3B}.Debug|Any CPU.ActiveCfg = Debug|Any CPU
		{A5BE3B3B-1255-FB13-E61C-0C82D73AEE3B}.Debug|Any CPU.Build.0 = Debug|Any CPU
		{A5BE3B3B-1255-FB13-E61C-0C82D73AEE3B}.Release|Any CPU.ActiveCfg = Release|Any CPU
		{A5BE3B3B-1255-FB13-E61C-0C82D73AEE3B}.Release|Any CPU.Build.0 = Release|Any CPU
		{FB399411-D7D7-A9AA-58ED-114DD57C254C}.Debug|Any CPU.ActiveCfg = Debug|Any CPU
		{FB399411-D7D7-A9AA-58ED-114DD57C254C}.Debug|Any CPU.Build.0 = Debug|Any CPU
		{FB399411-D7D7-A9AA-58ED-114DD57C254C}.Release|Any CPU.ActiveCfg = Release|Any CPU
		{FB399411-D7D7-A9AA-58ED-114DD57C254C}.Release|Any CPU.Build.0 = Release|Any CPU
		{B60C553D-4C7C-637C-D89F-C785D18933A7}.Debug|Any CPU.ActiveCfg = Debug|Any CPU
		{B60C553D-4C7C-637C-D89F-C785D18933A7}.Debug|Any CPU.Build.0 = Debug|Any CPU
		{B60C553D-4C7C-637C-D89F-C785D18933A7}.Release|Any CPU.ActiveCfg = Release|Any CPU
		{B60C553D-4C7C-637C-D89F-C785D18933A7}.Release|Any CPU.Build.0 = Release|Any CPU
		{0839FBB4-552C-6D95-A508-5494567BCA20}.Debug|Any CPU.ActiveCfg = Debug|Any CPU
		{0839FBB4-552C-6D95-A508-5494567BCA20}.Debug|Any CPU.Build.0 = Debug|Any CPU
		{0839FBB4-552C-6D95-A508-5494567BCA20}.Release|Any CPU.ActiveCfg = Release|Any CPU
		{0839FBB4-552C-6D95-A508-5494567BCA20}.Release|Any CPU.Build.0 = Release|Any CPU
		{7B43FE73-073E-158D-6CBD-1E0DAF495231}.Debug|Any CPU.ActiveCfg = Debug|Any CPU
		{7B43FE73-073E-158D-6CBD-1E0DAF495231}.Debug|Any CPU.Build.0 = Debug|Any CPU
		{7B43FE73-073E-158D-6CBD-1E0DAF495231}.Release|Any CPU.ActiveCfg = Release|Any CPU
		{7B43FE73-073E-158D-6CBD-1E0DAF495231}.Release|Any CPU.Build.0 = Release|Any CPU
		{456F5BAB-4383-F896-B860-CF22951FE3C4}.Debug|Any CPU.ActiveCfg = Debug|Any CPU
		{456F5BAB-4383-F896-B860-CF22951FE3C4}.Debug|Any CPU.Build.0 = Debug|Any CPU
		{456F5BAB-4383-F896-B860-CF22951FE3C4}.Release|Any CPU.ActiveCfg = Release|Any CPU
		{456F5BAB-4383-F896-B860-CF22951FE3C4}.Release|Any CPU.Build.0 = Release|Any CPU
		{0E469371-CF5B-44B5-81F7-64B9490FF0A0}.Debug|Any CPU.ActiveCfg = Debug|Any CPU
		{0E469371-CF5B-44B5-81F7-64B9490FF0A0}.Debug|Any CPU.Build.0 = Debug|Any CPU
		{0E469371-CF5B-44B5-81F7-64B9490FF0A0}.Release|Any CPU.ActiveCfg = Release|Any CPU
		{0E469371-CF5B-44B5-81F7-64B9490FF0A0}.Release|Any CPU.Build.0 = Release|Any CPU
		{F5648F8E-A0EC-129B-19C5-3C0C854CF1E2}.Debug|Any CPU.ActiveCfg = Debug|Any CPU
		{F5648F8E-A0EC-129B-19C5-3C0C854CF1E2}.Debug|Any CPU.Build.0 = Debug|Any CPU
		{F5648F8E-A0EC-129B-19C5-3C0C854CF1E2}.Release|Any CPU.ActiveCfg = Release|Any CPU
		{F5648F8E-A0EC-129B-19C5-3C0C854CF1E2}.Release|Any CPU.Build.0 = Release|Any CPU
		{1A5BA3D7-06E7-ED05-ABEA-BFE285E2008D}.Debug|Any CPU.ActiveCfg = Debug|Any CPU
		{1A5BA3D7-06E7-ED05-ABEA-BFE285E2008D}.Debug|Any CPU.Build.0 = Debug|Any CPU
		{1A5BA3D7-06E7-ED05-ABEA-BFE285E2008D}.Release|Any CPU.ActiveCfg = Release|Any CPU
		{1A5BA3D7-06E7-ED05-ABEA-BFE285E2008D}.Release|Any CPU.Build.0 = Release|Any CPU
		{332B5FFF-2BC8-6403-BBBD-9B7538FFD602}.Debug|Any CPU.ActiveCfg = Debug|Any CPU
		{332B5FFF-2BC8-6403-BBBD-9B7538FFD602}.Debug|Any CPU.Build.0 = Debug|Any CPU
		{332B5FFF-2BC8-6403-BBBD-9B7538FFD602}.Release|Any CPU.ActiveCfg = Release|Any CPU
		{332B5FFF-2BC8-6403-BBBD-9B7538FFD602}.Release|Any CPU.Build.0 = Release|Any CPU
		{E2868705-8467-DF95-591F-240CCC9CD624}.Debug|Any CPU.ActiveCfg = Debug|Any CPU
		{E2868705-8467-DF95-591F-240CCC9CD624}.Debug|Any CPU.Build.0 = Debug|Any CPU
		{E2868705-8467-DF95-591F-240CCC9CD624}.Release|Any CPU.ActiveCfg = Release|Any CPU
		{E2868705-8467-DF95-591F-240CCC9CD624}.Release|Any CPU.Build.0 = Release|Any CPU
		{30E47DBF-D3D2-BD9E-8146-9DBF15225ACC}.Debug|Any CPU.ActiveCfg = Debug|Any CPU
		{30E47DBF-D3D2-BD9E-8146-9DBF15225ACC}.Debug|Any CPU.Build.0 = Debug|Any CPU
		{30E47DBF-D3D2-BD9E-8146-9DBF15225ACC}.Release|Any CPU.ActiveCfg = Release|Any CPU
		{30E47DBF-D3D2-BD9E-8146-9DBF15225ACC}.Release|Any CPU.Build.0 = Release|Any CPU
		{57DE531E-079C-3848-B7EC-D5E8F9561FFF}.Debug|Any CPU.ActiveCfg = Debug|Any CPU
		{57DE531E-079C-3848-B7EC-D5E8F9561FFF}.Debug|Any CPU.Build.0 = Debug|Any CPU
		{57DE531E-079C-3848-B7EC-D5E8F9561FFF}.Release|Any CPU.ActiveCfg = Release|Any CPU
		{57DE531E-079C-3848-B7EC-D5E8F9561FFF}.Release|Any CPU.Build.0 = Release|Any CPU
		{CB878A41-3698-DDFA-2D4C-D496F793E52D}.Debug|Any CPU.ActiveCfg = Debug|Any CPU
		{CB878A41-3698-DDFA-2D4C-D496F793E52D}.Debug|Any CPU.Build.0 = Debug|Any CPU
		{CB878A41-3698-DDFA-2D4C-D496F793E52D}.Release|Any CPU.ActiveCfg = Release|Any CPU
		{CB878A41-3698-DDFA-2D4C-D496F793E52D}.Release|Any CPU.Build.0 = Release|Any CPU
		{9C690819-8AE6-81DD-C07C-FC3714E95FDF}.Debug|Any CPU.ActiveCfg = Debug|Any CPU
		{9C690819-8AE6-81DD-C07C-FC3714E95FDF}.Debug|Any CPU.Build.0 = Debug|Any CPU
		{9C690819-8AE6-81DD-C07C-FC3714E95FDF}.Release|Any CPU.ActiveCfg = Release|Any CPU
		{9C690819-8AE6-81DD-C07C-FC3714E95FDF}.Release|Any CPU.Build.0 = Release|Any CPU
		{02AEBEC2-2550-6532-B957-4A89C4FF6C96}.Debug|Any CPU.ActiveCfg = Debug|Any CPU
		{02AEBEC2-2550-6532-B957-4A89C4FF6C96}.Debug|Any CPU.Build.0 = Debug|Any CPU
		{02AEBEC2-2550-6532-B957-4A89C4FF6C96}.Release|Any CPU.ActiveCfg = Release|Any CPU
		{02AEBEC2-2550-6532-B957-4A89C4FF6C96}.Release|Any CPU.Build.0 = Release|Any CPU
		{F8907CF7-4673-4B85-D98A-752D4B52ED73}.Debug|Any CPU.ActiveCfg = Debug|Any CPU
		{F8907CF7-4673-4B85-D98A-752D4B52ED73}.Debug|Any CPU.Build.0 = Debug|Any CPU
		{F8907CF7-4673-4B85-D98A-752D4B52ED73}.Release|Any CPU.ActiveCfg = Release|Any CPU
		{F8907CF7-4673-4B85-D98A-752D4B52ED73}.Release|Any CPU.Build.0 = Release|Any CPU
		{AF3723F7-E646-1086-30AA-5A8689FFBE16}.Debug|Any CPU.ActiveCfg = Debug|Any CPU
		{AF3723F7-E646-1086-30AA-5A8689FFBE16}.Debug|Any CPU.Build.0 = Debug|Any CPU
		{AF3723F7-E646-1086-30AA-5A8689FFBE16}.Release|Any CPU.ActiveCfg = Release|Any CPU
		{AF3723F7-E646-1086-30AA-5A8689FFBE16}.Release|Any CPU.Build.0 = Release|Any CPU
	EndGlobalSection
	GlobalSection(SolutionProperties) = preSolution
		HideSolutionNode = FALSE
	EndGlobalSection
EndGlobal
